
Microsoft Visual Studio Solution File, Format Version 12.00
# Visual Studio Version 17
VisualStudioVersion = 17.14.36518.9 d17.14
MinimumVisualStudioVersion = 10.0.40219.1
Project("{FAE04EC0-301F-11D3-BF4B-00C04F79EFBC}") = "PhanMemBanVe", "PhanMemBanVe\PhanMemBanVe.csproj", "{199F9C88-10DD-4846-BE99-5F7EAEBF16EE}"
EndProject
Global
	GlobalSection(SolutionConfigurationPlatforms) = preSolution
		Debug|Any CPU = Debug|Any CPU
		Release|Any CPU = Release|Any CPU
	EndGlobalSection
	GlobalSection(ProjectConfigurationPlatforms) = postSolution
		{199F9C88-10DD-4846-BE99-5F7EAEBF16EE}.Debug|Any CPU.ActiveCfg = Debug|Any CPU
		{199F9C88-10DD-4846-BE99-5F7EAEBF16EE}.Debug|Any CPU.Build.0 = Debug|Any CPU
		{199F9C88-10DD-4846-BE99-5F7EAEBF16EE}.Release|Any CPU.ActiveCfg = Release|Any CPU
		{199F9C88-10DD-4846-BE99-5F7EAEBF16EE}.Release|Any CPU.Build.0 = Release|Any CPU
	EndGlobalSection
	GlobalSection(SolutionProperties) = preSolution
		HideSolutionNode = FALSE
	EndGlobalSection
	GlobalSection(ExtensibilityGlobals) = postSolution
		SolutionGuid = {AD660AA3-071C-44F4-B342-85701D2801E1}
	EndGlobalSection
EndGlobal
