
Microsoft Visual Studio Solution File, Format Version 12.00
# Visual Studio Version 17
VisualStudioVersion = 17.14.36518.9 d17.14
MinimumVisualStudioVersion = 10.0.40219.1
Project("{FAE04EC0-301F-11D3-BF4B-00C04F79EFBC}") = "PhanMemBanVe.DAL", "PhanMemBanVe.DAL\PhanMemBanVe.DAL.csproj", "{A8B91F4C-2C3D-4E5F-8A7B-9C1D2E3F4A5B}"
EndProject
Project("{FAE04EC0-301F-11D3-BF4B-00C04F79EFBC}") = "PhanMemBanVe.BUS", "PhanMemBanVe.BUS\PhanMemBanVe.BUS.csproj", "{B9C02F5D-3D4E-5F6A-9B8C-0D1E2F3A4B5C}"
EndProject
Project("{FAE04EC0-301F-11D3-BF4B-00C04F79EFBC}") = "PhanMemBanVe.GUI", "PhanMemBanVe.GUI\PhanMemBanVe.GUI.csproj", "{C0D13F6E-4E5F-6A7B-0C8D-1E2F3A4B5C6D}"
EndProject
Global
	GlobalSection(SolutionConfigurationPlatforms) = preSolution
		Debug|Any CPU = Debug|Any CPU
		Release|Any CPU = Release|Any CPU
	EndGlobalSection
	GlobalSection(ProjectConfigurationPlatforms) = postSolution
		{A8B91F4C-2C3D-4E5F-8A7B-9C1D2E3F4A5B}.Debug|Any CPU.ActiveCfg = Debug|Any CPU
		{A8B91F4C-2C3D-4E5F-8A7B-9C1D2E3F4A5B}.Debug|Any CPU.Build.0 = Debug|Any CPU
		{A8B91F4C-2C3D-4E5F-8A7B-9C1D2E3F4A5B}.Release|Any CPU.ActiveCfg = Release|Any CPU
		{A8B91F4C-2C3D-4E5F-8A7B-9C1D2E3F4A5B}.Release|Any CPU.Build.0 = Release|Any CPU
		{B9C02F5D-3D4E-5F6A-9B8C-0D1E2F3A4B5C}.Debug|Any CPU.ActiveCfg = Debug|Any CPU
		{B9C02F5D-3D4E-5F6A-9B8C-0D1E2F3A4B5C}.Debug|Any CPU.Build.0 = Debug|Any CPU
		{B9C02F5D-3D4E-5F6A-9B8C-0D1E2F3A4B5C}.Release|Any CPU.ActiveCfg = Release|Any CPU
		{B9C02F5D-3D4E-5F6A-9B8C-0D1E2F3A4B5C}.Release|Any CPU.Build.0 = Release|Any CPU
		{C0D13F6E-4E5F-6A7B-0C8D-1E2F3A4B5C6D}.Debug|Any CPU.ActiveCfg = Debug|Any CPU
		{C0D13F6E-4E5F-6A7B-0C8D-1E2F3A4B5C6D}.Debug|Any CPU.Build.0 = Debug|Any CPU
		{C0D13F6E-4E5F-6A7B-0C8D-1E2F3A4B5C6D}.Release|Any CPU.ActiveCfg = Release|Any CPU
		{C0D13F6E-4E5F-6A7B-0C8D-1E2F3A4B5C6D}.Release|Any CPU.Build.0 = Release|Any CPU
	EndGlobalSection
	GlobalSection(SolutionProperties) = preSolution
		HideSolutionNode = FALSE
	EndGlobalSection
	GlobalSection(ExtensibilityGlobals) = postSolution
		SolutionGuid = {AD660AA3-071C-44F4-B342-85701D2801E1}
	EndGlobalSection
EndGlobal
